
Microsoft Visual Studio Solution File, Format Version 12.00
# Visual Studio Version 16
VisualStudioVersion = 16.0.29326.143
MinimumVisualStudioVersion = 10.0.40219.1
Project("{FAE04EC0-301F-11D3-BF4B-00C04F79EFBC}") = "TicTacToe", "TicTacToe.csproj", "{3D0C3E9C-1684-4973-A57C-987ACDB2ACCE}"
EndProject
Global
	GlobalSection(SolutionConfigurationPlatforms) = preSolution
		Debug|Any CPU = Debug|Any CPU
		Release|Any CPU = Release|Any CPU
	EndGlobalSection
	GlobalSection(ProjectConfigurationPlatforms) = postSolution
		{3D0C3E9C-1684-4973-A57C-987ACDB2ACCE}.Debug|Any CPU.ActiveCfg = Debug|Any CPU
		{3D0C3E9C-1684-4973-A57C-987ACDB2ACCE}.Debug|Any CPU.Build.0 = Debug|Any CPU
		{3D0C3E9C-1684-4973-A57C-987ACDB2ACCE}.Release|Any CPU.ActiveCfg = Release|Any CPU
		{3D0C3E9C-1684-4973-A57C-987ACDB2ACCE}.Release|Any CPU.Build.0 = Release|Any CPU
	EndGlobalSection
	GlobalSection(SolutionProperties) = preSolution
		HideSolutionNode = FALSE
	EndGlobalSection
	GlobalSection(ExtensibilityGlobals) = postSolution
		SolutionGuid = {D33632D8-5E20-4DD0-A798-443DFFFF008C}
	EndGlobalSection
EndGlobal
